
Microsoft Visual Studio Solution File, Format Version 12.00
# Visual Studio 14
VisualStudioVersion = 14.0.25420.1
MinimumVisualStudioVersion = 10.0.40219.1
Project("{FAE04EC0-301F-11D3-BF4B-00C04F79EFBC}") = "MVC_EF_Temple", "MVC_EF_Temple\MVC_EF_Temple.csproj", "{8567CA3E-664A-476C-83C9-027E10A36CC0}"
EndProject
Project("{FAE04EC0-301F-11D3-BF4B-00C04F79EFBC}") = "BLL", "BLL\BLL.csproj", "{A975A1BF-B0D3-4490-8B76-8AED92D24CF1}"
EndProject
Project("{FAE04EC0-301F-11D3-BF4B-00C04F79EFBC}") = "DAL", "DAL\DAL.csproj", "{18F9D63B-6FD7-4C0D-9B0C-1243254C7C30}"
EndProject
Project("{2150E333-8FDC-42A3-9474-1A3956D46DE8}") = "基础层", "基础层", "{88C98E8D-E0DC-4ACC-AD42-9337C601AF75}"
EndProject
Project("{2150E333-8FDC-42A3-9474-1A3956D46DE8}") = "Application应用层", "Application应用层", "{A5D6220B-D6EF-4009-BCCC-E7289197D1DE}"
EndProject
Project("{FAE04EC0-301F-11D3-BF4B-00C04F79EFBC}") = "IBLL", "IBLL\IBLL.csproj", "{351853B7-A4FD-4128-9977-03C2FFD0FEE7}"
EndProject
Project("{FAE04EC0-301F-11D3-BF4B-00C04F79EFBC}") = "IDAL", "IDAL\IDAL.csproj", "{F99CD975-B6BF-4372-AFB6-5DFF7904B3FF}"
EndProject
Project("{2150E333-8FDC-42A3-9474-1A3956D46DE8}") = "Model层", "Model层", "{8F8FB973-42D4-477F-9538-1091F6EF204C}"
EndProject
Project("{FAE04EC0-301F-11D3-BF4B-00C04F79EFBC}") = "Model", "Model\Model.csproj", "{2C2CA975-5A56-4F89-BDE8-EEDFAC8D3634}"
EndProject
Project("{FAE04EC0-301F-11D3-BF4B-00C04F79EFBC}") = "DALContainer", "DALContainer\DALContainer.csproj", "{9DDB5B7A-6B97-45CE-B017-C94E6B00894A}"
EndProject
Project("{FAE04EC0-301F-11D3-BF4B-00C04F79EFBC}") = "BLLContainer", "BLLContainer\BLLContainer.csproj", "{5D10DA70-32E1-441A-A83B-44799D6E2DD6}"
EndProject
Global
	GlobalSection(SolutionConfigurationPlatforms) = preSolution
		Debug|Any CPU = Debug|Any CPU
		Release|Any CPU = Release|Any CPU
	EndGlobalSection
	GlobalSection(ProjectConfigurationPlatforms) = postSolution
		{8567CA3E-664A-476C-83C9-027E10A36CC0}.Debug|Any CPU.ActiveCfg = Debug|Any CPU
		{8567CA3E-664A-476C-83C9-027E10A36CC0}.Debug|Any CPU.Build.0 = Debug|Any CPU
		{8567CA3E-664A-476C-83C9-027E10A36CC0}.Release|Any CPU.ActiveCfg = Release|Any CPU
		{8567CA3E-664A-476C-83C9-027E10A36CC0}.Release|Any CPU.Build.0 = Release|Any CPU
		{A975A1BF-B0D3-4490-8B76-8AED92D24CF1}.Debug|Any CPU.ActiveCfg = Debug|Any CPU
		{A975A1BF-B0D3-4490-8B76-8AED92D24CF1}.Debug|Any CPU.Build.0 = Debug|Any CPU
		{A975A1BF-B0D3-4490-8B76-8AED92D24CF1}.Release|Any CPU.ActiveCfg = Release|Any CPU
		{A975A1BF-B0D3-4490-8B76-8AED92D24CF1}.Release|Any CPU.Build.0 = Release|Any CPU
		{18F9D63B-6FD7-4C0D-9B0C-1243254C7C30}.Debug|Any CPU.ActiveCfg = Debug|Any CPU
		{18F9D63B-6FD7-4C0D-9B0C-1243254C7C30}.Debug|Any CPU.Build.0 = Debug|Any CPU
		{18F9D63B-6FD7-4C0D-9B0C-1243254C7C30}.Release|Any CPU.ActiveCfg = Release|Any CPU
		{18F9D63B-6FD7-4C0D-9B0C-1243254C7C30}.Release|Any CPU.Build.0 = Release|Any CPU
		{351853B7-A4FD-4128-9977-03C2FFD0FEE7}.Debug|Any CPU.ActiveCfg = Debug|Any CPU
		{351853B7-A4FD-4128-9977-03C2FFD0FEE7}.Debug|Any CPU.Build.0 = Debug|Any CPU
		{351853B7-A4FD-4128-9977-03C2FFD0FEE7}.Release|Any CPU.ActiveCfg = Release|Any CPU
		{351853B7-A4FD-4128-9977-03C2FFD0FEE7}.Release|Any CPU.Build.0 = Release|Any CPU
		{F99CD975-B6BF-4372-AFB6-5DFF7904B3FF}.Debug|Any CPU.ActiveCfg = Debug|Any CPU
		{F99CD975-B6BF-4372-AFB6-5DFF7904B3FF}.Debug|Any CPU.Build.0 = Debug|Any CPU
		{F99CD975-B6BF-4372-AFB6-5DFF7904B3FF}.Release|Any CPU.ActiveCfg = Release|Any CPU
		{F99CD975-B6BF-4372-AFB6-5DFF7904B3FF}.Release|Any CPU.Build.0 = Release|Any CPU
		{2C2CA975-5A56-4F89-BDE8-EEDFAC8D3634}.Debug|Any CPU.ActiveCfg = Debug|Any CPU
		{2C2CA975-5A56-4F89-BDE8-EEDFAC8D3634}.Debug|Any CPU.Build.0 = Debug|Any CPU
		{2C2CA975-5A56-4F89-BDE8-EEDFAC8D3634}.Release|Any CPU.ActiveCfg = Release|Any CPU
		{2C2CA975-5A56-4F89-BDE8-EEDFAC8D3634}.Release|Any CPU.Build.0 = Release|Any CPU
		{9DDB5B7A-6B97-45CE-B017-C94E6B00894A}.Debug|Any CPU.ActiveCfg = Debug|Any CPU
		{9DDB5B7A-6B97-45CE-B017-C94E6B00894A}.Debug|Any CPU.Build.0 = Debug|Any CPU
		{9DDB5B7A-6B97-45CE-B017-C94E6B00894A}.Release|Any CPU.ActiveCfg = Release|Any CPU
		{9DDB5B7A-6B97-45CE-B017-C94E6B00894A}.Release|Any CPU.Build.0 = Release|Any CPU
		{5D10DA70-32E1-441A-A83B-44799D6E2DD6}.Debug|Any CPU.ActiveCfg = Debug|Any CPU
		{5D10DA70-32E1-441A-A83B-44799D6E2DD6}.Debug|Any CPU.Build.0 = Debug|Any CPU
		{5D10DA70-32E1-441A-A83B-44799D6E2DD6}.Release|Any CPU.ActiveCfg = Release|Any CPU
		{5D10DA70-32E1-441A-A83B-44799D6E2DD6}.Release|Any CPU.Build.0 = Release|Any CPU
	EndGlobalSection
	GlobalSection(SolutionProperties) = preSolution
		HideSolutionNode = FALSE
	EndGlobalSection
	GlobalSection(NestedProjects) = preSolution
		{8567CA3E-664A-476C-83C9-027E10A36CC0} = {A5D6220B-D6EF-4009-BCCC-E7289197D1DE}
		{A975A1BF-B0D3-4490-8B76-8AED92D24CF1} = {88C98E8D-E0DC-4ACC-AD42-9337C601AF75}
		{18F9D63B-6FD7-4C0D-9B0C-1243254C7C30} = {88C98E8D-E0DC-4ACC-AD42-9337C601AF75}
		{351853B7-A4FD-4128-9977-03C2FFD0FEE7} = {88C98E8D-E0DC-4ACC-AD42-9337C601AF75}
		{F99CD975-B6BF-4372-AFB6-5DFF7904B3FF} = {88C98E8D-E0DC-4ACC-AD42-9337C601AF75}
		{2C2CA975-5A56-4F89-BDE8-EEDFAC8D3634} = {8F8FB973-42D4-477F-9538-1091F6EF204C}
		{9DDB5B7A-6B97-45CE-B017-C94E6B00894A} = {88C98E8D-E0DC-4ACC-AD42-9337C601AF75}
		{5D10DA70-32E1-441A-A83B-44799D6E2DD6} = {88C98E8D-E0DC-4ACC-AD42-9337C601AF75}
	EndGlobalSection
EndGlobal
